<?xml version="1.0" encoding="utf-8"?>
<Project ToolsVersion="4.0" xmlns="http://schemas.microsoft.com/developer/msbuild/2003">
  <ItemGroup>
    <Filter Include="Source Files">
      <UniqueIdentifier>{990a3baf-d35f-42ad-a17f-1625299bddb1}</UniqueIdentifier>
      <Extensions>cpp;c;cxx;rc;def;r;odl;idl;hpj;bat</Extensions>
    </Filter>
    <Filter Include="Header Files">
      <UniqueIdentifier>{5ab0ebaa-fce6-4cfa-8dad-0536d0980799}</UniqueIdentifier>
      <Extensions>h;hpp;hxx;hm;inl</Extensions>
    </Filter>
    <Filter Include="Resource Files">
      <UniqueIdentifier>{fd0bd6b5-b4fa-4c93-9ceb-cd4eb1aea6db}</UniqueIdentifier>
      <Extensions>ico;cur;bmp;dlg;rc2;rct;bin;rgs;gif;jpg;jpeg;jpe</Extensions>
    </Filter>
  </ItemGroup>
  <ItemGroup>
    <ClCompile Include="BlendImages.cpp">
      <Filter>Source Files</Filter>
    </ClCompile>
    <ClCompile Include="FeatureAlign.cpp">
      <Filter>Source Files</Filter>
    </ClCompile>
    <ClCompile Include="FeatureSet.cpp">
      <Filter>Source Files</Filter>
    </ClCompile>
    <ClCompile Include="Project2.cpp">
      <Filter>Source Files</Filter>
    </ClCompile>
    <ClCompile Include="WarpSpherical.cpp">
      <Filter>Source Files</Filter>
    </ClCompile>
  </ItemGroup>
  <ItemGroup>
    <ClInclude Include="BlendImages.h">
      <Filter>Header Files</Filter>
    </ClInclude>
    <ClInclude Include="FeatureAlign.h">
      <Filter>Header Files</Filter>
    </ClInclude>
    <ClInclude Include="FeatureSet.h">
      <Filter>Header Files</Filter>
    </ClInclude>
    <ClInclude Include="WarpSpherical.h">
      <Filter>Header Files</Filter>
    </ClInclude>
  </ItemGroup>
</Project>